{
  "name": "openlr",
  "version": "1.0.0",
  "lockfileVersion": 3,
  "requires": true,
  "packages": {
    "": {
      "name": "openlr",
      "version": "1.0.0",
      "license": "ISC",
      "dependencies": {
        "openlr-js": "^1.0.3"
      }
    },
    "node_modules/openlr-js": {
      "version": "1.0.3",
      "resolved": "https://registry.npmjs.org/openlr-js/-/openlr-js-1.0.3.tgz",
      "integrity": "sha512-v9yZOUeMAywY70e3FWANJReTGLBq5L2cBqlcHFof03lcClsxKeG1dJjrpCZUFCUOi3LYhzN/QX3017ulXWLUFA=="
    }
  }
}
